
Microsoft Visual Studio Solution File, Format Version 12.00
# Visual Studio 14
VisualStudioVersion = 14.0.23107.0
MinimumVisualStudioVersion = 10.0.40219.1
Project("{FAE04EC0-301F-11D3-BF4B-00C04F79EFBC}") = "NoughtsandCrosses", "NoughtsandCrosses\NoughtsandCrosses.csproj", "{7CC6B67C-5665-4B28-A501-A51C30A4E1BC}"
EndProject
Global
	GlobalSection(SolutionConfigurationPlatforms) = preSolution
		Debug|Any CPU = Debug|Any CPU
		Release|Any CPU = Release|Any CPU
	EndGlobalSection
	GlobalSection(ProjectConfigurationPlatforms) = postSolution
		{7CC6B67C-5665-4B28-A501-A51C30A4E1BC}.Debug|Any CPU.ActiveCfg = Debug|Any CPU
		{7CC6B67C-5665-4B28-A501-A51C30A4E1BC}.Debug|Any CPU.Build.0 = Debug|Any CPU
		{7CC6B67C-5665-4B28-A501-A51C30A4E1BC}.Release|Any CPU.ActiveCfg = Release|Any CPU
		{7CC6B67C-5665-4B28-A501-A51C30A4E1BC}.Release|Any CPU.Build.0 = Release|Any CPU
	EndGlobalSection
	GlobalSection(SolutionProperties) = preSolution
		HideSolutionNode = FALSE
	EndGlobalSection
EndGlobal
